// !$*UTF8*$!
{
	archiveVersion = 1;
	classes = {
	};
	objectVersion = 46;
	objects = {

/* Begin PBXBuildFile section */
		211225CE1C1E5BB900291EB7 /* RegisterUserOperation.swift in Sources */ = {isa = PBXBuildFile; fileRef = 211225CD1C1E5BB900291EB7 /* RegisterUserOperation.swift */; };
		211225D01C1EB19A00291EB7 /* UpdateUserLocationOperation.swift in Sources */ = {isa = PBXBuildFile; fileRef = 211225CF1C1EB19A00291EB7 /* UpdateUserLocationOperation.swift */; };
		213906F31C1BB334009DA379 /* PetGalleryViewController.swift in Sources */ = {isa = PBXBuildFile; fileRef = 213906F21C1BB334009DA379 /* PetGalleryViewController.swift */; };
		213906F51C1C33A0009DA379 /* ListPetsOperation.swift in Sources */ = {isa = PBXBuildFile; fileRef = 213906F41C1C33A0009DA379 /* ListPetsOperation.swift */; };
		213906F71C1C33FF009DA379 /* Pet.swift in Sources */ = {isa = PBXBuildFile; fileRef = 213906F61C1C33FF009DA379 /* Pet.swift */; };
		213906FB1C1C3816009DA379 /* PetParkList.swift in Sources */ = {isa = PBXBuildFile; fileRef = 213906FA1C1C3816009DA379 /* PetParkList.swift */; };
		213906FE1C1C3D74009DA379 /* PetGalleryCollectionViewCell.swift in Sources */ = {isa = PBXBuildFile; fileRef = 213906FD1C1C3D74009DA379 /* PetGalleryCollectionViewCell.swift */; };
		213907001C1C4E4F009DA379 /* PetDetailsViewController.swift in Sources */ = {isa = PBXBuildFile; fileRef = 213906FF1C1C4E4F009DA379 /* PetDetailsViewController.swift */; };
		213907021C1C4F86009DA379 /* ListUserPetsOperation.swift in Sources */ = {isa = PBXBuildFile; fileRef = 213907011C1C4F86009DA379 /* ListUserPetsOperation.swift */; };
		213907041C1C579A009DA379 /* ListPetImages.swift in Sources */ = {isa = PBXBuildFile; fileRef = 213907031C1C579A009DA379 /* ListPetImages.swift */; };
		213907061C1C5878009DA379 /* PetImage.swift in Sources */ = {isa = PBXBuildFile; fileRef = 213907051C1C5878009DA379 /* PetImage.swift */; };
		213907081C1C630F009DA379 /* PetDetailsCollectionViewCell.swift in Sources */ = {isa = PBXBuildFile; fileRef = 213907071C1C630F009DA379 /* PetDetailsCollectionViewCell.swift */; };
		2139070A1C1C7529009DA379 /* MyPetsTableViewCell.swift in Sources */ = {isa = PBXBuildFile; fileRef = 213907091C1C7529009DA379 /* MyPetsTableViewCell.swift */; };
		2139070C1C1C844D009DA379 /* UploadPictureOperation.swift in Sources */ = {isa = PBXBuildFile; fileRef = 2139070B1C1C844D009DA379 /* UploadPictureOperation.swift */; };
		2139070E1C1CAC0C009DA379 /* AttatchPetProfilePictureOperation.swift in Sources */ = {isa = PBXBuildFile; fileRef = 2139070D1C1CAC0C009DA379 /* AttatchPetProfilePictureOperation.swift */; };
		213907101C1CADED009DA379 /* NoParse.swift in Sources */ = {isa = PBXBuildFile; fileRef = 2139070F1C1CADED009DA379 /* NoParse.swift */; };
		213907121C1CBB00009DA379 /* AddPetViewController.swift in Sources */ = {isa = PBXBuildFile; fileRef = 213907111C1CBB00009DA379 /* AddPetViewController.swift */; };
		213907141C1CD061009DA379 /* CreatePetOperation.swift in Sources */ = {isa = PBXBuildFile; fileRef = 213907131C1CD061009DA379 /* CreatePetOperation.swift */; };
		213907161C1CD250009DA379 /* Breed.swift in Sources */ = {isa = PBXBuildFile; fileRef = 213907151C1CD250009DA379 /* Breed.swift */; };
		213907181C1CD2BC009DA379 /* ListBreedsOperation.swift in Sources */ = {isa = PBXBuildFile; fileRef = 213907171C1CD2BC009DA379 /* ListBreedsOperation.swift */; };
		2141F2CE1C1CF8DD003B4137 /* ListPetsBySpeciesOperation.swift in Sources */ = {isa = PBXBuildFile; fileRef = 2141F2CD1C1CF8DD003B4137 /* ListPetsBySpeciesOperation.swift */; };
		2141F2D01C1D0F9C003B4137 /* Species.swift in Sources */ = {isa = PBXBuildFile; fileRef = 2141F2CF1C1D0F9C003B4137 /* Species.swift */; };
		215D56C01C1B658F0051B8C6 /* MenuController.swift in Sources */ = {isa = PBXBuildFile; fileRef = 215D56BB1C1B658F0051B8C6 /* MenuController.swift */; };
		215D56C31C1B658F0051B8C6 /* MapViewController.swift in Sources */ = {isa = PBXBuildFile; fileRef = 215D56BE1C1B658F0051B8C6 /* MapViewController.swift */; };
		215D56C41C1B658F0051B8C6 /* MyPetsViewController.swift in Sources */ = {isa = PBXBuildFile; fileRef = 215D56BF1C1B658F0051B8C6 /* MyPetsViewController.swift */; };
		215D56C71C1B65F90051B8C6 /* SWRevealViewController.m in Sources */ = {isa = PBXBuildFile; fileRef = 215D56C61C1B65F90051B8C6 /* SWRevealViewController.m */; };
		215D56C91C1B663B0051B8C6 /* MapKit.framework in Frameworks */ = {isa = PBXBuildFile; fileRef = 215D56C81C1B663B0051B8C6 /* MapKit.framework */; };
		215D56CE1C1B6B340051B8C6 /* Preferences.swift in Sources */ = {isa = PBXBuildFile; fileRef = 215D56CD1C1B6B340051B8C6 /* Preferences.swift */; };
		215D56D21C1B6CDC0051B8C6 /* LoginViewController.swift in Sources */ = {isa = PBXBuildFile; fileRef = 215D56D11C1B6CDC0051B8C6 /* LoginViewController.swift */; };
		215D56DC1C1B75C10051B8C6 /* OperationQueue.swift in Sources */ = {isa = PBXBuildFile; fileRef = 215D56D61C1B75C10051B8C6 /* OperationQueue.swift */; };
		215D56DD1C1B75C10051B8C6 /* ExclusivityController.swift in Sources */ = {isa = PBXBuildFile; fileRef = 215D56D71C1B75C10051B8C6 /* ExclusivityController.swift */; };
		215D56DE1C1B75C10051B8C6 /* GroupOperation.swift in Sources */ = {isa = PBXBuildFile; fileRef = 215D56D81C1B75C10051B8C6 /* GroupOperation.swift */; };
		215D56DF1C1B75C10051B8C6 /* OperationErrors.swift in Sources */ = {isa = PBXBuildFile; fileRef = 215D56D91C1B75C10051B8C6 /* OperationErrors.swift */; };
		215D56E01C1B75C10051B8C6 /* Operation.swift in Sources */ = {isa = PBXBuildFile; fileRef = 215D56DA1C1B75C10051B8C6 /* Operation.swift */; };
		215D56E11C1B75C10051B8C6 /* AlertOperation.swift in Sources */ = {isa = PBXBuildFile; fileRef = 215D56DB1C1B75C10051B8C6 /* AlertOperation.swift */; };
		215D56EA1C1B76140051B8C6 /* OperationCondition.swift in Sources */ = {isa = PBXBuildFile; fileRef = 215D56E71C1B76140051B8C6 /* OperationCondition.swift */; };
		215D56EB1C1B76140051B8C6 /* ExclusiveCondition.swift in Sources */ = {isa = PBXBuildFile; fileRef = 215D56E81C1B76140051B8C6 /* ExclusiveCondition.swift */; };
		215D56EC1C1B76140051B8C6 /* ReachabilityCondition.swift in Sources */ = {isa = PBXBuildFile; fileRef = 215D56E91C1B76140051B8C6 /* ReachabilityCondition.swift */; };
		215D56F01C1B761E0051B8C6 /* OperationObserver.swift in Sources */ = {isa = PBXBuildFile; fileRef = 215D56ED1C1B761E0051B8C6 /* OperationObserver.swift */; };
		215D56F11C1B761E0051B8C6 /* NetworkObserver.swift in Sources */ = {isa = PBXBuildFile; fileRef = 215D56EE1C1B761E0051B8C6 /* NetworkObserver.swift */; };
		215D56F21C1B761E0051B8C6 /* BlockObserver.swift in Sources */ = {isa = PBXBuildFile; fileRef = 215D56EF1C1B761E0051B8C6 /* BlockObserver.swift */; };
		215D56F51C1B76420051B8C6 /* NSOperation+Operations.swift in Sources */ = {isa = PBXBuildFile; fileRef = 215D56F41C1B76420051B8C6 /* NSOperation+Operations.swift */; };
		215D56FA1C1B779E0051B8C6 /* Decode.swift in Sources */ = {isa = PBXBuildFile; fileRef = 215D56F91C1B779E0051B8C6 /* Decode.swift */; };
		215D56FC1C1B79E70051B8C6 /* URLSessionDataTaskOperation.swift in Sources */ = {isa = PBXBuildFile; fileRef = 215D56FB1C1B79E70051B8C6 /* URLSessionDataTaskOperation.swift */; };
		215D56FE1C1B8A3E0051B8C6 /* GenerateTokenOperation.swift in Sources */ = {isa = PBXBuildFile; fileRef = 215D56FD1C1B8A3E0051B8C6 /* GenerateTokenOperation.swift */; };
		215D57011C1B8A630051B8C6 /* Token.swift in Sources */ = {isa = PBXBuildFile; fileRef = 215D57001C1B8A630051B8C6 /* Token.swift */; };
		215D57031C1B9CB40051B8C6 /* Extensions.swift in Sources */ = {isa = PBXBuildFile; fileRef = 215D57021C1B9CB40051B8C6 /* Extensions.swift */; };
		21B4DAE21C1B557000AF301D /* AppDelegate.swift in Sources */ = {isa = PBXBuildFile; fileRef = 21B4DAE11C1B557000AF301D /* AppDelegate.swift */; };
		21B4DAE71C1B557000AF301D /* Main.storyboard in Resources */ = {isa = PBXBuildFile; fileRef = 21B4DAE51C1B557000AF301D /* Main.storyboard */; };
		21B4DAE91C1B557000AF301D /* Assets.xcassets in Resources */ = {isa = PBXBuildFile; fileRef = 21B4DAE81C1B557000AF301D /* Assets.xcassets */; };
		21B4DAEC1C1B557000AF301D /* LaunchScreen.storyboard in Resources */ = {isa = PBXBuildFile; fileRef = 21B4DAEA1C1B557000AF301D /* LaunchScreen.storyboard */; };
		21B4DAF71C1B557000AF301D /* PetParkiOSTests.swift in Sources */ = {isa = PBXBuildFile; fileRef = 21B4DAF61C1B557000AF301D /* PetParkiOSTests.swift */; };
		21B4DB021C1B557000AF301D /* PetParkiOSUITests.swift in Sources */ = {isa = PBXBuildFile; fileRef = 21B4DB011C1B557000AF301D /* PetParkiOSUITests.swift */; };
/* End PBXBuildFile section */

/* Begin PBXContainerItemProxy section */
		21B4DAF31C1B557000AF301D /* PBXContainerItemProxy */ = {
			isa = PBXContainerItemProxy;
			containerPortal = 21B4DAD61C1B557000AF301D /* Project object */;
			proxyType = 1;
			remoteGlobalIDString = 21B4DADD1C1B557000AF301D;
			remoteInfo = PetParkiOS;
		};
		21B4DAFE1C1B557000AF301D /* PBXContainerItemProxy */ = {
			isa = PBXContainerItemProxy;
			containerPortal = 21B4DAD61C1B557000AF301D /* Project object */;
			proxyType = 1;
			remoteGlobalIDString = 21B4DADD1C1B557000AF301D;
			remoteInfo = PetParkiOS;
		};
/* End PBXContainerItemProxy section */

/* Begin PBXFileReference section */
		211225CD1C1E5BB900291EB7 /* RegisterUserOperation.swift */ = {isa = PBXFileReference; fileEncoding = 4; lastKnownFileType = sourcecode.swift; path = RegisterUserOperation.swift; sourceTree = "<group>"; };
		211225CF1C1EB19A00291EB7 /* UpdateUserLocationOperation.swift */ = {isa = PBXFileReference; fileEncoding = 4; lastKnownFileType = sourcecode.swift; path = UpdateUserLocationOperation.swift; sourceTree = "<group>"; };
		213906F21C1BB334009DA379 /* PetGalleryViewController.swift */ = {isa = PBXFileReference; fileEncoding = 4; lastKnownFileType = sourcecode.swift; path = PetGalleryViewController.swift; sourceTree = "<group>"; };
		213906F41C1C33A0009DA379 /* ListPetsOperation.swift */ = {isa = PBXFileReference; fileEncoding = 4; lastKnownFileType = sourcecode.swift; path = ListPetsOperation.swift; sourceTree = "<group>"; };
		213906F61C1C33FF009DA379 /* Pet.swift */ = {isa = PBXFileReference; fileEncoding = 4; lastKnownFileType = sourcecode.swift; path = Pet.swift; sourceTree = "<group>"; };
		213906FA1C1C3816009DA379 /* PetParkList.swift */ = {isa = PBXFileReference; fileEncoding = 4; lastKnownFileType = sourcecode.swift; path = PetParkList.swift; sourceTree = "<group>"; };
		213906FD1C1C3D74009DA379 /* PetGalleryCollectionViewCell.swift */ = {isa = PBXFileReference; fileEncoding = 4; lastKnownFileType = sourcecode.swift; path = PetGalleryCollectionViewCell.swift; sourceTree = "<group>"; };
		213906FF1C1C4E4F009DA379 /* PetDetailsViewController.swift */ = {isa = PBXFileReference; fileEncoding = 4; lastKnownFileType = sourcecode.swift; path = PetDetailsViewController.swift; sourceTree = "<group>"; };
		213907011C1C4F86009DA379 /* ListUserPetsOperation.swift */ = {isa = PBXFileReference; fileEncoding = 4; lastKnownFileType = sourcecode.swift; path = ListUserPetsOperation.swift; sourceTree = "<group>"; };
		213907031C1C579A009DA379 /* ListPetImages.swift */ = {isa = PBXFileReference; fileEncoding = 4; lastKnownFileType = sourcecode.swift; path = ListPetImages.swift; sourceTree = "<group>"; };
		213907051C1C5878009DA379 /* PetImage.swift */ = {isa = PBXFileReference; fileEncoding = 4; lastKnownFileType = sourcecode.swift; path = PetImage.swift; sourceTree = "<group>"; };
		213907071C1C630F009DA379 /* PetDetailsCollectionViewCell.swift */ = {isa = PBXFileReference; fileEncoding = 4; lastKnownFileType = sourcecode.swift; path = PetDetailsCollectionViewCell.swift; sourceTree = "<group>"; };
		213907091C1C7529009DA379 /* MyPetsTableViewCell.swift */ = {isa = PBXFileReference; fileEncoding = 4; lastKnownFileType = sourcecode.swift; path = MyPetsTableViewCell.swift; sourceTree = "<group>"; };
		2139070B1C1C844D009DA379 /* UploadPictureOperation.swift */ = {isa = PBXFileReference; fileEncoding = 4; lastKnownFileType = sourcecode.swift; path = UploadPictureOperation.swift; sourceTree = "<group>"; };
		2139070D1C1CAC0C009DA379 /* AttatchPetProfilePictureOperation.swift */ = {isa = PBXFileReference; fileEncoding = 4; lastKnownFileType = sourcecode.swift; path = AttatchPetProfilePictureOperation.swift; sourceTree = "<group>"; };
		2139070F1C1CADED009DA379 /* NoParse.swift */ = {isa = PBXFileReference; fileEncoding = 4; lastKnownFileType = sourcecode.swift; path = NoParse.swift; sourceTree = "<group>"; };
		213907111C1CBB00009DA379 /* AddPetViewController.swift */ = {isa = PBXFileReference; fileEncoding = 4; lastKnownFileType = sourcecode.swift; path = AddPetViewController.swift; sourceTree = "<group>"; };
		213907131C1CD061009DA379 /* CreatePetOperation.swift */ = {isa = PBXFileReference; fileEncoding = 4; lastKnownFileType = sourcecode.swift; path = CreatePetOperation.swift; sourceTree = "<group>"; };
		213907151C1CD250009DA379 /* Breed.swift */ = {isa = PBXFileReference; fileEncoding = 4; lastKnownFileType = sourcecode.swift; path = Breed.swift; sourceTree = "<group>"; };
		213907171C1CD2BC009DA379 /* ListBreedsOperation.swift */ = {isa = PBXFileReference; fileEncoding = 4; lastKnownFileType = sourcecode.swift; path = ListBreedsOperation.swift; sourceTree = "<group>"; };
		2141F2CD1C1CF8DD003B4137 /* ListPetsBySpeciesOperation.swift */ = {isa = PBXFileReference; fileEncoding = 4; lastKnownFileType = sourcecode.swift; path = ListPetsBySpeciesOperation.swift; sourceTree = "<group>"; };
		2141F2CF1C1D0F9C003B4137 /* Species.swift */ = {isa = PBXFileReference; fileEncoding = 4; lastKnownFileType = sourcecode.swift; path = Species.swift; sourceTree = "<group>"; };
		215D56AC1C1B5F250051B8C6 /* PetParkiOS-Bridging-Header.h */ = {isa = PBXFileReference; lastKnownFileType = sourcecode.c.h; path = "PetParkiOS-Bridging-Header.h"; sourceTree = "<group>"; };
		215D56BB1C1B658F0051B8C6 /* MenuController.swift */ = {isa = PBXFileReference; fileEncoding = 4; lastKnownFileType = sourcecode.swift; path = MenuController.swift; sourceTree = "<group>"; };
		215D56BE1C1B658F0051B8C6 /* MapViewController.swift */ = {isa = PBXFileReference; fileEncoding = 4; lastKnownFileType = sourcecode.swift; path = MapViewController.swift; sourceTree = "<group>"; };
		215D56BF1C1B658F0051B8C6 /* MyPetsViewController.swift */ = {isa = PBXFileReference; fileEncoding = 4; lastKnownFileType = sourcecode.swift; path = MyPetsViewController.swift; sourceTree = "<group>"; };
		215D56C51C1B65F90051B8C6 /* SWRevealViewController.h */ = {isa = PBXFileReference; fileEncoding = 4; lastKnownFileType = sourcecode.c.h; path = SWRevealViewController.h; sourceTree = "<group>"; };
		215D56C61C1B65F90051B8C6 /* SWRevealViewController.m */ = {isa = PBXFileReference; fileEncoding = 4; lastKnownFileType = sourcecode.c.objc; path = SWRevealViewController.m; sourceTree = "<group>"; };
		215D56C81C1B663B0051B8C6 /* MapKit.framework */ = {isa = PBXFileReference; lastKnownFileType = wrapper.framework; name = MapKit.framework; path = System/Library/Frameworks/MapKit.framework; sourceTree = SDKROOT; };
		215D56CD1C1B6B340051B8C6 /* Preferences.swift */ = {isa = PBXFileReference; fileEncoding = 4; lastKnownFileType = sourcecode.swift; path = Preferences.swift; sourceTree = "<group>"; };
		215D56D11C1B6CDC0051B8C6 /* LoginViewController.swift */ = {isa = PBXFileReference; fileEncoding = 4; lastKnownFileType = sourcecode.swift; path = LoginViewController.swift; sourceTree = "<group>"; };
		215D56D61C1B75C10051B8C6 /* OperationQueue.swift */ = {isa = PBXFileReference; fileEncoding = 4; lastKnownFileType = sourcecode.swift; path = OperationQueue.swift; sourceTree = "<group>"; };
		215D56D71C1B75C10051B8C6 /* ExclusivityController.swift */ = {isa = PBXFileReference; fileEncoding = 4; lastKnownFileType = sourcecode.swift; path = ExclusivityController.swift; sourceTree = "<group>"; };
		215D56D81C1B75C10051B8C6 /* GroupOperation.swift */ = {isa = PBXFileReference; fileEncoding = 4; lastKnownFileType = sourcecode.swift; path = GroupOperation.swift; sourceTree = "<group>"; };
		215D56D91C1B75C10051B8C6 /* OperationErrors.swift */ = {isa = PBXFileReference; fileEncoding = 4; lastKnownFileType = sourcecode.swift; path = OperationErrors.swift; sourceTree = "<group>"; };
		215D56DA1C1B75C10051B8C6 /* Operation.swift */ = {isa = PBXFileReference; fileEncoding = 4; lastKnownFileType = sourcecode.swift; path = Operation.swift; sourceTree = "<group>"; };
		215D56DB1C1B75C10051B8C6 /* AlertOperation.swift */ = {isa = PBXFileReference; fileEncoding = 4; lastKnownFileType = sourcecode.swift; path = AlertOperation.swift; sourceTree = "<group>"; };
		215D56E71C1B76140051B8C6 /* OperationCondition.swift */ = {isa = PBXFileReference; fileEncoding = 4; lastKnownFileType = sourcecode.swift; path = OperationCondition.swift; sourceTree = "<group>"; };
		215D56E81C1B76140051B8C6 /* ExclusiveCondition.swift */ = {isa = PBXFileReference; fileEncoding = 4; lastKnownFileType = sourcecode.swift; path = ExclusiveCondition.swift; sourceTree = "<group>"; };
		215D56E91C1B76140051B8C6 /* ReachabilityCondition.swift */ = {isa = PBXFileReference; fileEncoding = 4; lastKnownFileType = sourcecode.swift; path = ReachabilityCondition.swift; sourceTree = "<group>"; };
		215D56ED1C1B761E0051B8C6 /* OperationObserver.swift */ = {isa = PBXFileReference; fileEncoding = 4; lastKnownFileType = sourcecode.swift; path = OperationObserver.swift; sourceTree = "<group>"; };
		215D56EE1C1B761E0051B8C6 /* NetworkObserver.swift */ = {isa = PBXFileReference; fileEncoding = 4; lastKnownFileType = sourcecode.swift; path = NetworkObserver.swift; sourceTree = "<group>"; };
		215D56EF1C1B761E0051B8C6 /* BlockObserver.swift */ = {isa = PBXFileReference; fileEncoding = 4; lastKnownFileType = sourcecode.swift; path = BlockObserver.swift; sourceTree = "<group>"; };
		215D56F41C1B76420051B8C6 /* NSOperation+Operations.swift */ = {isa = PBXFileReference; fileEncoding = 4; lastKnownFileType = sourcecode.swift; path = "NSOperation+Operations.swift"; sourceTree = "<group>"; };
		215D56F91C1B779E0051B8C6 /* Decode.swift */ = {isa = PBXFileReference; fileEncoding = 4; lastKnownFileType = sourcecode.swift; path = Decode.swift; sourceTree = "<group>"; };
		215D56FB1C1B79E70051B8C6 /* URLSessionDataTaskOperation.swift */ = {isa = PBXFileReference; fileEncoding = 4; lastKnownFileType = sourcecode.swift; path = URLSessionDataTaskOperation.swift; sourceTree = "<group>"; };
		215D56FD1C1B8A3E0051B8C6 /* GenerateTokenOperation.swift */ = {isa = PBXFileReference; fileEncoding = 4; lastKnownFileType = sourcecode.swift; path = GenerateTokenOperation.swift; sourceTree = "<group>"; };
		215D57001C1B8A630051B8C6 /* Token.swift */ = {isa = PBXFileReference; fileEncoding = 4; lastKnownFileType = sourcecode.swift; path = Token.swift; sourceTree = "<group>"; };
		215D57021C1B9CB40051B8C6 /* Extensions.swift */ = {isa = PBXFileReference; fileEncoding = 4; lastKnownFileType = sourcecode.swift; path = Extensions.swift; sourceTree = "<group>"; };
		21B4DADE1C1B557000AF301D /* PetParkiOS.app */ = {isa = PBXFileReference; explicitFileType = wrapper.application; includeInIndex = 0; path = PetParkiOS.app; sourceTree = BUILT_PRODUCTS_DIR; };
		21B4DAE11C1B557000AF301D /* AppDelegate.swift */ = {isa = PBXFileReference; lastKnownFileType = sourcecode.swift; path = AppDelegate.swift; sourceTree = "<group>"; };
		21B4DAE61C1B557000AF301D /* Base */ = {isa = PBXFileReference; lastKnownFileType = file.storyboard; name = Base; path = Base.lproj/Main.storyboard; sourceTree = "<group>"; };
		21B4DAE81C1B557000AF301D /* Assets.xcassets */ = {isa = PBXFileReference; lastKnownFileType = folder.assetcatalog; path = Assets.xcassets; sourceTree = "<group>"; };
		21B4DAEB1C1B557000AF301D /* Base */ = {isa = PBXFileReference; lastKnownFileType = file.storyboard; name = Base; path = Base.lproj/LaunchScreen.storyboard; sourceTree = "<group>"; };
		21B4DAED1C1B557000AF301D /* Info.plist */ = {isa = PBXFileReference; lastKnownFileType = text.plist.xml; path = Info.plist; sourceTree = "<group>"; };
		21B4DAF21C1B557000AF301D /* PetParkiOSTests.xctest */ = {isa = PBXFileReference; explicitFileType = wrapper.cfbundle; includeInIndex = 0; path = PetParkiOSTests.xctest; sourceTree = BUILT_PRODUCTS_DIR; };
		21B4DAF61C1B557000AF301D /* PetParkiOSTests.swift */ = {isa = PBXFileReference; lastKnownFileType = sourcecode.swift; path = PetParkiOSTests.swift; sourceTree = "<group>"; };
		21B4DAF81C1B557000AF301D /* Info.plist */ = {isa = PBXFileReference; lastKnownFileType = text.plist.xml; path = Info.plist; sourceTree = "<group>"; };
		21B4DAFD1C1B557000AF301D /* PetParkiOSUITests.xctest */ = {isa = PBXFileReference; explicitFileType = wrapper.cfbundle; includeInIndex = 0; path = PetParkiOSUITests.xctest; sourceTree = BUILT_PRODUCTS_DIR; };
		21B4DB011C1B557000AF301D /* PetParkiOSUITests.swift */ = {isa = PBXFileReference; lastKnownFileType = sourcecode.swift; path = PetParkiOSUITests.swift; sourceTree = "<group>"; };
		21B4DB031C1B557000AF301D /* Info.plist */ = {isa = PBXFileReference; lastKnownFileType = text.plist.xml; path = Info.plist; sourceTree = "<group>"; };
/* End PBXFileReference section */

/* Begin PBXFrameworksBuildPhase section */
		21B4DADB1C1B557000AF301D /* Frameworks */ = {
			isa = PBXFrameworksBuildPhase;
			buildActionMask = 2147483647;
			files = (
				215D56C91C1B663B0051B8C6 /* MapKit.framework in Frameworks */,
			);
			runOnlyForDeploymentPostprocessing = 0;
		};
		21B4DAEF1C1B557000AF301D /* Frameworks */ = {
			isa = PBXFrameworksBuildPhase;
			buildActionMask = 2147483647;
			files = (
			);
			runOnlyForDeploymentPostprocessing = 0;
		};
		21B4DAFA1C1B557000AF301D /* Frameworks */ = {
			isa = PBXFrameworksBuildPhase;
			buildActionMask = 2147483647;
			files = (
			);
			runOnlyForDeploymentPostprocessing = 0;
		};
/* End PBXFrameworksBuildPhase section */

/* Begin PBXGroup section */
		213906FC1C1C3D55009DA379 /* UI */ = {
			isa = PBXGroup;
			children = (
				213906FD1C1C3D74009DA379 /* PetGalleryCollectionViewCell.swift */,
				213907071C1C630F009DA379 /* PetDetailsCollectionViewCell.swift */,
				213907091C1C7529009DA379 /* MyPetsTableViewCell.swift */,
			);
			name = UI;
			sourceTree = "<group>";
		};
		213907191C1CD4A3009DA379 /* HelperModels */ = {
			isa = PBXGroup;
			children = (
				2139070F1C1CADED009DA379 /* NoParse.swift */,
				213906FA1C1C3816009DA379 /* PetParkList.swift */,
			);
			name = HelperModels;
			sourceTree = "<group>";
		};
		215D56B11C1B5F590051B8C6 /* SWRevealViewController */ = {
			isa = PBXGroup;
			children = (
				215D56C51C1B65F90051B8C6 /* SWRevealViewController.h */,
				215D56C61C1B65F90051B8C6 /* SWRevealViewController.m */,
			);
			name = SWRevealViewController;
			sourceTree = "<group>";
		};
		215D56BA1C1B5F870051B8C6 /* ViewControllers */ = {
			isa = PBXGroup;
			children = (
				215D56D11C1B6CDC0051B8C6 /* LoginViewController.swift */,
				215D56BB1C1B658F0051B8C6 /* MenuController.swift */,
				213906F21C1BB334009DA379 /* PetGalleryViewController.swift */,
				213906FF1C1C4E4F009DA379 /* PetDetailsViewController.swift */,
				215D56BF1C1B658F0051B8C6 /* MyPetsViewController.swift */,
				213907111C1CBB00009DA379 /* AddPetViewController.swift */,
				215D56BE1C1B658F0051B8C6 /* MapViewController.swift */,
			);
			name = ViewControllers;
			sourceTree = "<group>";
		};
		215D56CA1C1B6AE10051B8C6 /* Utilities */ = {
			isa = PBXGroup;
			children = (
				215D57021C1B9CB40051B8C6 /* Extensions.swift */,
				215D56F91C1B779E0051B8C6 /* Decode.swift */,
				215D56CD1C1B6B340051B8C6 /* Preferences.swift */,
				215D56B11C1B5F590051B8C6 /* SWRevealViewController */,
			);
			name = Utilities;
			sourceTree = "<group>";
		};
		215D56D51C1B71880051B8C6 /* Frameworks */ = {
			isa = PBXGroup;
			children = (
				215D56C81C1B663B0051B8C6 /* MapKit.framework */,
			);
			name = Frameworks;
			sourceTree = "<group>";
		};
		215D56E21C1B75C50051B8C6 /* Operations */ = {
			isa = PBXGroup;
			children = (
				215D56E31C1B75D00051B8C6 /* Operation Queue */,
				215D56E41C1B75E90051B8C6 /* Operations */,
				215D56E61C1B760A0051B8C6 /* Observers */,
				215D56E51C1B76020051B8C6 /* Conditions */,
				215D56F31C1B76350051B8C6 /* Convenience Extensions */,
			);
			name = Operations;
			sourceTree = "<group>";
		};
		215D56E31C1B75D00051B8C6 /* Operation Queue */ = {
			isa = PBXGroup;
			children = (
				215D56D61C1B75C10051B8C6 /* OperationQueue.swift */,
				215D56D71C1B75C10051B8C6 /* ExclusivityController.swift */,
			);
			name = "Operation Queue";
			sourceTree = "<group>";
		};
		215D56E41C1B75E90051B8C6 /* Operations */ = {
			isa = PBXGroup;
			children = (
				215D56D81C1B75C10051B8C6 /* GroupOperation.swift */,
				215D56D91C1B75C10051B8C6 /* OperationErrors.swift */,
				215D56DA1C1B75C10051B8C6 /* Operation.swift */,
				215D56DB1C1B75C10051B8C6 /* AlertOperation.swift */,
			);
			name = Operations;
			sourceTree = "<group>";
		};
		215D56E51C1B76020051B8C6 /* Conditions */ = {
			isa = PBXGroup;
			children = (
				215D56E71C1B76140051B8C6 /* OperationCondition.swift */,
				215D56E81C1B76140051B8C6 /* ExclusiveCondition.swift */,
				215D56E91C1B76140051B8C6 /* ReachabilityCondition.swift */,
			);
			name = Conditions;
			sourceTree = "<group>";
		};
		215D56E61C1B760A0051B8C6 /* Observers */ = {
			isa = PBXGroup;
			children = (
				215D56ED1C1B761E0051B8C6 /* OperationObserver.swift */,
				215D56EE1C1B761E0051B8C6 /* NetworkObserver.swift */,
				215D56EF1C1B761E0051B8C6 /* BlockObserver.swift */,
			);
			name = Observers;
			sourceTree = "<group>";
		};
		215D56F31C1B76350051B8C6 /* Convenience Extensions */ = {
			isa = PBXGroup;
			children = (
				215D56F41C1B76420051B8C6 /* NSOperation+Operations.swift */,
			);
			name = "Convenience Extensions";
			sourceTree = "<group>";
		};
		215D56F61C1B76730051B8C6 /* API Operations */ = {
			isa = PBXGroup;
			children = (
				215D56FB1C1B79E70051B8C6 /* URLSessionDataTaskOperation.swift */,
				211225CD1C1E5BB900291EB7 /* RegisterUserOperation.swift */,
				215D56FD1C1B8A3E0051B8C6 /* GenerateTokenOperation.swift */,
				213906F41C1C33A0009DA379 /* ListPetsOperation.swift */,
				213907011C1C4F86009DA379 /* ListUserPetsOperation.swift */,
				213907031C1C579A009DA379 /* ListPetImages.swift */,
				2139070B1C1C844D009DA379 /* UploadPictureOperation.swift */,
				2139070D1C1CAC0C009DA379 /* AttatchPetProfilePictureOperation.swift */,
				213907171C1CD2BC009DA379 /* ListBreedsOperation.swift */,
				213907131C1CD061009DA379 /* CreatePetOperation.swift */,
				211225CF1C1EB19A00291EB7 /* UpdateUserLocationOperation.swift */,
				2141F2CD1C1CF8DD003B4137 /* ListPetsBySpeciesOperation.swift */,
				215D56FF1C1B8A510051B8C6 /* Models */,
			);
			name = "API Operations";
			sourceTree = "<group>";
		};
		215D56FF1C1B8A510051B8C6 /* Models */ = {
			isa = PBXGroup;
			children = (
				213907191C1CD4A3009DA379 /* HelperModels */,
				215D57001C1B8A630051B8C6 /* Token.swift */,
				213906F61C1C33FF009DA379 /* Pet.swift */,
				213907051C1C5878009DA379 /* PetImage.swift */,
				213907151C1CD250009DA379 /* Breed.swift */,
				2141F2CF1C1D0F9C003B4137 /* Species.swift */,
			);
			name = Models;
			sourceTree = "<group>";
		};
		219F73FD1C1B583600824836 /* Supporting Files */ = {
			isa = PBXGroup;
			children = (
				21B4DAE51C1B557000AF301D /* Main.storyboard */,
				215D56AC1C1B5F250051B8C6 /* PetParkiOS-Bridging-Header.h */,
				21B4DAE81C1B557000AF301D /* Assets.xcassets */,
				21B4DAEA1C1B557000AF301D /* LaunchScreen.storyboard */,
				21B4DAED1C1B557000AF301D /* Info.plist */,
			);
			name = "Supporting Files";
			sourceTree = "<group>";
		};
		21B4DAD51C1B557000AF301D = {
			isa = PBXGroup;
			children = (
				21B4DAE01C1B557000AF301D /* PetParkiOS */,
				21B4DAF51C1B557000AF301D /* PetParkiOSTests */,
				21B4DB001C1B557000AF301D /* PetParkiOSUITests */,
				21B4DADF1C1B557000AF301D /* Products */,
				215D56D51C1B71880051B8C6 /* Frameworks */,
			);
			sourceTree = "<group>";
		};
		21B4DADF1C1B557000AF301D /* Products */ = {
			isa = PBXGroup;
			children = (
				21B4DADE1C1B557000AF301D /* PetParkiOS.app */,
				21B4DAF21C1B557000AF301D /* PetParkiOSTests.xctest */,
				21B4DAFD1C1B557000AF301D /* PetParkiOSUITests.xctest */,
			);
			name = Products;
			sourceTree = "<group>";
		};
		21B4DAE01C1B557000AF301D /* PetParkiOS */ = {
			isa = PBXGroup;
			children = (
				21B4DAE11C1B557000AF301D /* AppDelegate.swift */,
				215D56BA1C1B5F870051B8C6 /* ViewControllers */,
				215D56F61C1B76730051B8C6 /* API Operations */,
				213906FC1C1C3D55009DA379 /* UI */,
				215D56E21C1B75C50051B8C6 /* Operations */,
				215D56CA1C1B6AE10051B8C6 /* Utilities */,
				219F73FD1C1B583600824836 /* Supporting Files */,
			);
			path = PetParkiOS;
			sourceTree = "<group>";
		};
		21B4DAF51C1B557000AF301D /* PetParkiOSTests */ = {
			isa = PBXGroup;
			children = (
				21B4DAF61C1B557000AF301D /* PetParkiOSTests.swift */,
				21B4DAF81C1B557000AF301D /* Info.plist */,
			);
			path = PetParkiOSTests;
			sourceTree = "<group>";
		};
		21B4DB001C1B557000AF301D /* PetParkiOSUITests */ = {
			isa = PBXGroup;
			children = (
				21B4DB011C1B557000AF301D /* PetParkiOSUITests.swift */,
				21B4DB031C1B557000AF301D /* Info.plist */,
			);
			path = PetParkiOSUITests;
			sourceTree = "<group>";
		};
/* End PBXGroup section */

/* Begin PBXNativeTarget section */
		21B4DADD1C1B557000AF301D /* PetParkiOS */ = {
			isa = PBXNativeTarget;
			buildConfigurationList = 21B4DB061C1B557000AF301D /* Build configuration list for PBXNativeTarget "PetParkiOS" */;
			buildPhases = (
				21B4DADA1C1B557000AF301D /* Sources */,
				21B4DADB1C1B557000AF301D /* Frameworks */,
				21B4DADC1C1B557000AF301D /* Resources */,
			);
			buildRules = (
			);
			dependencies = (
			);
			name = PetParkiOS;
			productName = PetParkiOS;
			productReference = 21B4DADE1C1B557000AF301D /* PetParkiOS.app */;
			productType = "com.apple.product-type.application";
		};
		21B4DAF11C1B557000AF301D /* PetParkiOSTests */ = {
			isa = PBXNativeTarget;
			buildConfigurationList = 21B4DB091C1B557000AF301D /* Build configuration list for PBXNativeTarget "PetParkiOSTests" */;
			buildPhases = (
				21B4DAEE1C1B557000AF301D /* Sources */,
				21B4DAEF1C1B557000AF301D /* Frameworks */,
				21B4DAF01C1B557000AF301D /* Resources */,
			);
			buildRules = (
			);
			dependencies = (
				21B4DAF41C1B557000AF301D /* PBXTargetDependency */,
			);
			name = PetParkiOSTests;
			productName = PetParkiOSTests;
			productReference = 21B4DAF21C1B557000AF301D /* PetParkiOSTests.xctest */;
			productType = "com.apple.product-type.bundle.unit-test";
		};
		21B4DAFC1C1B557000AF301D /* PetParkiOSUITests */ = {
			isa = PBXNativeTarget;
			buildConfigurationList = 21B4DB0C1C1B557000AF301D /* Build configuration list for PBXNativeTarget "PetParkiOSUITests" */;
			buildPhases = (
				21B4DAF91C1B557000AF301D /* Sources */,
				21B4DAFA1C1B557000AF301D /* Frameworks */,
				21B4DAFB1C1B557000AF301D /* Resources */,
			);
			buildRules = (
			);
			dependencies = (
				21B4DAFF1C1B557000AF301D /* PBXTargetDependency */,
			);
			name = PetParkiOSUITests;
			productName = PetParkiOSUITests;
			productReference = 21B4DAFD1C1B557000AF301D /* PetParkiOSUITests.xctest */;
			productType = "com.apple.product-type.bundle.ui-testing";
		};
/* End PBXNativeTarget section */

/* Begin PBXProject section */
		21B4DAD61C1B557000AF301D /* Project object */ = {
			isa = PBXProject;
			attributes = {
				LastSwiftUpdateCheck = 0720;
				LastUpgradeCheck = 0710;
				ORGANIZATIONNAME = "Gavril Tonev";
				TargetAttributes = {
					21B4DADD1C1B557000AF301D = {
						CreatedOnToolsVersion = 7.1.1;
						DevelopmentTeam = GTY67K5EAF;
					};
					21B4DAF11C1B557000AF301D = {
						CreatedOnToolsVersion = 7.1.1;
						TestTargetID = 21B4DADD1C1B557000AF301D;
					};
					21B4DAFC1C1B557000AF301D = {
						CreatedOnToolsVersion = 7.1.1;
						TestTargetID = 21B4DADD1C1B557000AF301D;
					};
				};
			};
			buildConfigurationList = 21B4DAD91C1B557000AF301D /* Build configuration list for PBXProject "PetParkiOS" */;
			compatibilityVersion = "Xcode 3.2";
			developmentRegion = English;
			hasScannedForEncodings = 0;
			knownRegions = (
				en,
				Base,
			);
			mainGroup = 21B4DAD51C1B557000AF301D;
			productRefGroup = 21B4DADF1C1B557000AF301D /* Products */;
			projectDirPath = "";
			projectRoot = "";
			targets = (
				21B4DADD1C1B557000AF301D /* PetParkiOS */,
				21B4DAF11C1B557000AF301D /* PetParkiOSTests */,
				21B4DAFC1C1B557000AF301D /* PetParkiOSUITests */,
			);
		};
/* End PBXProject section */

/* Begin PBXResourcesBuildPhase section */
		21B4DADC1C1B557000AF301D /* Resources */ = {
			isa = PBXResourcesBuildPhase;
			buildActionMask = 2147483647;
			files = (
				21B4DAEC1C1B557000AF301D /* LaunchScreen.storyboard in Resources */,
				21B4DAE91C1B557000AF301D /* Assets.xcassets in Resources */,
				21B4DAE71C1B557000AF301D /* Main.storyboard in Resources */,
			);
			runOnlyForDeploymentPostprocessing = 0;
		};
		21B4DAF01C1B557000AF301D /* Resources */ = {
			isa = PBXResourcesBuildPhase;
			buildActionMask = 2147483647;
			files = (
			);
			runOnlyForDeploymentPostprocessing = 0;
		};
		21B4DAFB1C1B557000AF301D /* Resources */ = {
			isa = PBXResourcesBuildPhase;
			buildActionMask = 2147483647;
			files = (
			);
			runOnlyForDeploymentPostprocessing = 0;
		};
/* End PBXResourcesBuildPhase section */

/* Begin PBXSourcesBuildPhase section */
		21B4DADA1C1B557000AF301D /* Sources */ = {
			isa = PBXSourcesBuildPhase;
			buildActionMask = 2147483647;
			files = (
				215D56D21C1B6CDC0051B8C6 /* LoginViewController.swift in Sources */,
				215D56C71C1B65F90051B8C6 /* SWRevealViewController.m in Sources */,
				215D56EB1C1B76140051B8C6 /* ExclusiveCondition.swift in Sources */,
				213906FB1C1C3816009DA379 /* PetParkList.swift in Sources */,
				213907041C1C579A009DA379 /* ListPetImages.swift in Sources */,
				213907061C1C5878009DA379 /* PetImage.swift in Sources */,
				215D56CE1C1B6B340051B8C6 /* Preferences.swift in Sources */,
				213906F31C1BB334009DA379 /* PetGalleryViewController.swift in Sources */,
				213907101C1CADED009DA379 /* NoParse.swift in Sources */,
				215D56C31C1B658F0051B8C6 /* MapViewController.swift in Sources */,
				213906F51C1C33A0009DA379 /* ListPetsOperation.swift in Sources */,
				213907141C1CD061009DA379 /* CreatePetOperation.swift in Sources */,
				2139070C1C1C844D009DA379 /* UploadPictureOperation.swift in Sources */,
				211225CE1C1E5BB900291EB7 /* RegisterUserOperation.swift in Sources */,
				2139070E1C1CAC0C009DA379 /* AttatchPetProfilePictureOperation.swift in Sources */,
				215D56DE1C1B75C10051B8C6 /* GroupOperation.swift in Sources */,
				215D56FE1C1B8A3E0051B8C6 /* GenerateTokenOperation.swift in Sources */,
				213907181C1CD2BC009DA379 /* ListBreedsOperation.swift in Sources */,
				215D56E11C1B75C10051B8C6 /* AlertOperation.swift in Sources */,
				21B4DAE21C1B557000AF301D /* AppDelegate.swift in Sources */,
				215D57011C1B8A630051B8C6 /* Token.swift in Sources */,
				215D56F21C1B761E0051B8C6 /* BlockObserver.swift in Sources */,
				215D56C41C1B658F0051B8C6 /* MyPetsViewController.swift in Sources */,
				2141F2CE1C1CF8DD003B4137 /* ListPetsBySpeciesOperation.swift in Sources */,
				215D56DC1C1B75C10051B8C6 /* OperationQueue.swift in Sources */,
				215D56F01C1B761E0051B8C6 /* OperationObserver.swift in Sources */,
				213907121C1CBB00009DA379 /* AddPetViewController.swift in Sources */,
				213907001C1C4E4F009DA379 /* PetDetailsViewController.swift in Sources */,
				215D56C01C1B658F0051B8C6 /* MenuController.swift in Sources */,
				215D56E01C1B75C10051B8C6 /* Operation.swift in Sources */,
				215D56F51C1B76420051B8C6 /* NSOperation+Operations.swift in Sources */,
				215D56EC1C1B76140051B8C6 /* ReachabilityCondition.swift in Sources */,
				213906FE1C1C3D74009DA379 /* PetGalleryCollectionViewCell.swift in Sources */,
				215D56DF1C1B75C10051B8C6 /* OperationErrors.swift in Sources */,
				213906F71C1C33FF009DA379 /* Pet.swift in Sources */,
				215D56DD1C1B75C10051B8C6 /* ExclusivityController.swift in Sources */,
				215D57031C1B9CB40051B8C6 /* Extensions.swift in Sources */,
				215D56FA1C1B779E0051B8C6 /* Decode.swift in Sources */,
				215D56F11C1B761E0051B8C6 /* NetworkObserver.swift in Sources */,
				213907161C1CD250009DA379 /* Breed.swift in Sources */,
				215D56EA1C1B76140051B8C6 /* OperationCondition.swift in Sources */,
				211225D01C1EB19A00291EB7 /* UpdateUserLocationOperation.swift in Sources */,
				213907021C1C4F86009DA379 /* ListUserPetsOperation.swift in Sources */,
				2139070A1C1C7529009DA379 /* MyPetsTableViewCell.swift in Sources */,
				215D56FC1C1B79E70051B8C6 /* URLSessionDataTaskOperation.swift in Sources */,
				2141F2D01C1D0F9C003B4137 /* Species.swift in Sources */,
				213907081C1C630F009DA379 /* PetDetailsCollectionViewCell.swift in Sources */,
			);
			runOnlyForDeploymentPostprocessing = 0;
		};
		21B4DAEE1C1B557000AF301D /* Sources */ = {
			isa = PBXSourcesBuildPhase;
			buildActionMask = 2147483647;
			files = (
				21B4DAF71C1B557000AF301D /* PetParkiOSTests.swift in Sources */,
			);
			runOnlyForDeploymentPostprocessing = 0;
		};
		21B4DAF91C1B557000AF301D /* Sources */ = {
			isa = PBXSourcesBuildPhase;
			buildActionMask = 2147483647;
			files = (
				21B4DB021C1B557000AF301D /* PetParkiOSUITests.swift in Sources */,
			);
			runOnlyForDeploymentPostprocessing = 0;
		};
/* End PBXSourcesBuildPhase section */

/* Begin PBXTargetDependency section */
		21B4DAF41C1B557000AF301D /* PBXTargetDependency */ = {
			isa = PBXTargetDependency;
			target = 21B4DADD1C1B557000AF301D /* PetParkiOS */;
			targetProxy = 21B4DAF31C1B557000AF301D /* PBXContainerItemProxy */;
		};
		21B4DAFF1C1B557000AF301D /* PBXTargetDependency */ = {
			isa = PBXTargetDependency;
			target = 21B4DADD1C1B557000AF301D /* PetParkiOS */;
			targetProxy = 21B4DAFE1C1B557000AF301D /* PBXContainerItemProxy */;
		};
/* End PBXTargetDependency section */

/* Begin PBXVariantGroup section */
		21B4DAE51C1B557000AF301D /* Main.storyboard */ = {
			isa = PBXVariantGroup;
			children = (
				21B4DAE61C1B557000AF301D /* Base */,
			);
			name = Main.storyboard;
			sourceTree = "<group>";
		};
		21B4DAEA1C1B557000AF301D /* LaunchScreen.storyboard */ = {
			isa = PBXVariantGroup;
			children = (
				21B4DAEB1C1B557000AF301D /* Base */,
			);
			name = LaunchScreen.storyboard;
			sourceTree = "<group>";
		};
/* End PBXVariantGroup section */

/* Begin XCBuildConfiguration section */
		21B4DB041C1B557000AF301D /* Debug */ = {
			isa = XCBuildConfiguration;
			buildSettings = {
				ALWAYS_SEARCH_USER_PATHS = NO;
				CLANG_CXX_LANGUAGE_STANDARD = "gnu++0x";
				CLANG_CXX_LIBRARY = "libc++";
				CLANG_ENABLE_MODULES = YES;
				CLANG_ENABLE_OBJC_ARC = YES;
				CLANG_WARN_BOOL_CONVERSION = YES;
				CLANG_WARN_CONSTANT_CONVERSION = YES;
				CLANG_WARN_DIRECT_OBJC_ISA_USAGE = YES_ERROR;
				CLANG_WARN_EMPTY_BODY = YES;
				CLANG_WARN_ENUM_CONVERSION = YES;
				CLANG_WARN_INT_CONVERSION = YES;
				CLANG_WARN_OBJC_ROOT_CLASS = YES_ERROR;
				CLANG_WARN_UNREACHABLE_CODE = YES;
				CLANG_WARN__DUPLICATE_METHOD_MATCH = YES;
				"CODE_SIGN_IDENTITY[sdk=iphoneos*]" = "iPhone Developer";
				COPY_PHASE_STRIP = NO;
				DEBUG_INFORMATION_FORMAT = dwarf;
				ENABLE_STRICT_OBJC_MSGSEND = YES;
				ENABLE_TESTABILITY = YES;
				GCC_C_LANGUAGE_STANDARD = gnu99;
				GCC_DYNAMIC_NO_PIC = NO;
				GCC_NO_COMMON_BLOCKS = YES;
				GCC_OPTIMIZATION_LEVEL = 0;
				GCC_PREPROCESSOR_DEFINITIONS = (
					"DEBUG=1",
					"$(inherited)",
				);
				GCC_WARN_64_TO_32_BIT_CONVERSION = YES;
				GCC_WARN_ABOUT_RETURN_TYPE = YES_ERROR;
				GCC_WARN_UNDECLARED_SELECTOR = YES;
				GCC_WARN_UNINITIALIZED_AUTOS = YES_AGGRESSIVE;
				GCC_WARN_UNUSED_FUNCTION = YES;
				GCC_WARN_UNUSED_VARIABLE = YES;
				IPHONEOS_DEPLOYMENT_TARGET = 9.1;
				MTL_ENABLE_DEBUG_INFO = YES;
				ONLY_ACTIVE_ARCH = YES;
				SDKROOT = iphoneos;
				SWIFT_OPTIMIZATION_LEVEL = "-Onone";
				TARGETED_DEVICE_FAMILY = "1,2";
			};
			name = Debug;
		};
		21B4DB051C1B557000AF301D /* Release */ = {
			isa = XCBuildConfiguration;
			buildSettings = {
				ALWAYS_SEARCH_USER_PATHS = NO;
				CLANG_CXX_LANGUAGE_STANDARD = "gnu++0x";
				CLANG_CXX_LIBRARY = "libc++";
				CLANG_ENABLE_MODULES = YES;
				CLANG_ENABLE_OBJC_ARC = YES;
				CLANG_WARN_BOOL_CONVERSION = YES;
				CLANG_WARN_CONSTANT_CONVERSION = YES;
				CLANG_WARN_DIRECT_OBJC_ISA_USAGE = YES_ERROR;
				CLANG_WARN_EMPTY_BODY = YES;
				CLANG_WARN_ENUM_CONVERSION = YES;
				CLANG_WARN_INT_CONVERSION = YES;
				CLANG_WARN_OBJC_ROOT_CLASS = YES_ERROR;
				CLANG_WARN_UNREACHABLE_CODE = YES;
				CLANG_WARN__DUPLICATE_METHOD_MATCH = YES;
				"CODE_SIGN_IDENTITY[sdk=iphoneos*]" = "iPhone Developer";
				COPY_PHASE_STRIP = NO;
				DEBUG_INFORMATION_FORMAT = "dwarf-with-dsym";
				ENABLE_NS_ASSERTIONS = NO;
				ENABLE_STRICT_OBJC_MSGSEND = YES;
				GCC_C_LANGUAGE_STANDARD = gnu99;
				GCC_NO_COMMON_BLOCKS = YES;
				GCC_WARN_64_TO_32_BIT_CONVERSION = YES;
				GCC_WARN_ABOUT_RETURN_TYPE = YES_ERROR;
				GCC_WARN_UNDECLARED_SELECTOR = YES;
				GCC_WARN_UNINITIALIZED_AUTOS = YES_AGGRESSIVE;
				GCC_WARN_UNUSED_FUNCTION = YES;
				GCC_WARN_UNUSED_VARIABLE = YES;
				IPHONEOS_DEPLOYMENT_TARGET = 9.1;
				MTL_ENABLE_DEBUG_INFO = NO;
				SDKROOT = iphoneos;
				TARGETED_DEVICE_FAMILY = "1,2";
				VALIDATE_PRODUCT = YES;
			};
			name = Release;
		};
		21B4DB071C1B557000AF301D /* Debug */ = {
			isa = XCBuildConfiguration;
			buildSettings = {
				ASSETCATALOG_COMPILER_APPICON_NAME = AppIcon;
				CLANG_ENABLE_MODULES = YES;
				CODE_SIGN_IDENTITY = "iPhone Developer";
				INFOPLIST_FILE = PetParkiOS/Info.plist;
				LD_RUNPATH_SEARCH_PATHS = "$(inherited) @executable_path/Frameworks";
				PRODUCT_BUNDLE_IDENTIFIER = com.gtonev.PetParkiOS;
				PRODUCT_NAME = "$(TARGET_NAME)";
				SWIFT_OBJC_BRIDGING_HEADER = "PetParkiOS/PetParkiOS-Bridging-Header.h";
				SWIFT_OPTIMIZATION_LEVEL = "-Onone";
			};
			name = Debug;
		};
		21B4DB081C1B557000AF301D /* Release */ = {
			isa = XCBuildConfiguration;
			buildSettings = {
				ASSETCATALOG_COMPILER_APPICON_NAME = AppIcon;
				CLANG_ENABLE_MODULES = YES;
				CODE_SIGN_IDENTITY = "iPhone Developer";
				INFOPLIST_FILE = PetParkiOS/Info.plist;
				LD_RUNPATH_SEARCH_PATHS = "$(inherited) @executable_path/Frameworks";
				PRODUCT_BUNDLE_IDENTIFIER = com.gtonev.PetParkiOS;
				PRODUCT_NAME = "$(TARGET_NAME)";
				SWIFT_OBJC_BRIDGING_HEADER = "PetParkiOS/PetParkiOS-Bridging-Header.h";
			};
			name = Release;
		};
		21B4DB0A1C1B557000AF301D /* Debug */ = {
			isa = XCBuildConfiguration;
			buildSettings = {
				BUNDLE_LOADER = "$(TEST_HOST)";
				INFOPLIST_FILE = PetParkiOSTests/Info.plist;
				LD_RUNPATH_SEARCH_PATHS = "$(inherited) @executable_path/Frameworks @loader_path/Frameworks";
				PRODUCT_BUNDLE_IDENTIFIER = com.gtonev.PetParkiOSTests;
				PRODUCT_NAME = "$(TARGET_NAME)";
				TEST_HOST = "$(BUILT_PRODUCTS_DIR)/PetParkiOS.app/PetParkiOS";
			};
			name = Debug;
		};
		21B4DB0B1C1B557000AF301D /* Release */ = {
			isa = XCBuildConfiguration;
			buildSettings = {
				BUNDLE_LOADER = "$(TEST_HOST)";
				INFOPLIST_FILE = PetParkiOSTests/Info.plist;
				LD_RUNPATH_SEARCH_PATHS = "$(inherited) @executable_path/Frameworks @loader_path/Frameworks";
				PRODUCT_BUNDLE_IDENTIFIER = com.gtonev.PetParkiOSTests;
				PRODUCT_NAME = "$(TARGET_NAME)";
				TEST_HOST = "$(BUILT_PRODUCTS_DIR)/PetParkiOS.app/PetParkiOS";
			};
			name = Release;
		};
		21B4DB0D1C1B557000AF301D /* Debug */ = {
			isa = XCBuildConfiguration;
			buildSettings = {
				INFOPLIST_FILE = PetParkiOSUITests/Info.plist;
				LD_RUNPATH_SEARCH_PATHS = "$(inherited) @executable_path/Frameworks @loader_path/Frameworks";
				PRODUCT_BUNDLE_IDENTIFIER = com.gtonev.PetParkiOSUITests;
				PRODUCT_NAME = "$(TARGET_NAME)";
				TEST_TARGET_NAME = PetParkiOS;
				USES_XCTRUNNER = YES;
			};
			name = Debug;
		};
		21B4DB0E1C1B557000AF301D /* Release */ = {
			isa = XCBuildConfiguration;
			buildSettings = {
				INFOPLIST_FILE = PetParkiOSUITests/Info.plist;
				LD_RUNPATH_SEARCH_PATHS = "$(inherited) @executable_path/Frameworks @loader_path/Frameworks";
				PRODUCT_BUNDLE_IDENTIFIER = com.gtonev.PetParkiOSUITests;
				PRODUCT_NAME = "$(TARGET_NAME)";
				TEST_TARGET_NAME = PetParkiOS;
				USES_XCTRUNNER = YES;
			};
			name = Release;
		};
/* End XCBuildConfiguration section */

/* Begin XCConfigurationList section */
		21B4DAD91C1B557000AF301D /* Build configuration list for PBXProject "PetParkiOS" */ = {
			isa = XCConfigurationList;
			buildConfigurations = (
				21B4DB041C1B557000AF301D /* Debug */,
				21B4DB051C1B557000AF301D /* Release */,
			);
			defaultConfigurationIsVisible = 0;
			defaultConfigurationName = Release;
		};
		21B4DB061C1B557000AF301D /* Build configuration list for PBXNativeTarget "PetParkiOS" */ = {
			isa = XCConfigurationList;
			buildConfigurations = (
				21B4DB071C1B557000AF301D /* Debug */,
				21B4DB081C1B557000AF301D /* Release */,
			);
			defaultConfigurationIsVisible = 0;
			defaultConfigurationName = Release;
		};
		21B4DB091C1B557000AF301D /* Build configuration list for PBXNativeTarget "PetParkiOSTests" */ = {
			isa = XCConfigurationList;
			buildConfigurations = (
				21B4DB0A1C1B557000AF301D /* Debug */,
				21B4DB0B1C1B557000AF301D /* Release */,
			);
			defaultConfigurationIsVisible = 0;
			defaultConfigurationName = Release;
		};
		21B4DB0C1C1B557000AF301D /* Build configuration list for PBXNativeTarget "PetParkiOSUITests" */ = {
			isa = XCConfigurationList;
			buildConfigurations = (
				21B4DB0D1C1B557000AF301D /* Debug */,
				21B4DB0E1C1B557000AF301D /* Release */,
			);
			defaultConfigurationIsVisible = 0;
			defaultConfigurationName = Release;
		};
/* End XCConfigurationList section */
	};
	rootObject = 21B4DAD61C1B557000AF301D /* Project object */;
}
